
Microsoft Visual Studio Solution File, Format Version 12.00
# Visual Studio Version 16
VisualStudioVersion = 16.0.30028.174
MinimumVisualStudioVersion = 10.0.40219.1
Project("{6EC3EE1D-3C4E-46DD-8F32-0CC8E7565705}") = "App", "src\App\App.fsproj", "{0A977004-D99D-4D8A-BA5C-5FB973D9EF46}"
EndProject
Project("{6EC3EE1D-3C4E-46DD-8F32-0CC8E7565705}") = "Lib", "src\Lib\Lib.fsproj", "{6B4DBB46-8149-4920-8BFC-4730282F7C17}"
EndProject
Project("{6EC3EE1D-3C4E-46DD-8F32-0CC8E7565705}") = "Myriadic", "src\Myriadic\Myriadic.fsproj", "{632EE4B9-C9F4-43A5-A5AA-DA5C49C5FE45}"
EndProject
Project("{6EC3EE1D-3C4E-46DD-8F32-0CC8E7565705}") = "UnitTest.ShiningSword.Chargen", "test\UnitTest.ShiningSword.Chargen.fsproj", "{C8F2ADB3-98A0-4435-B4DD-1E4A33A6EC77}"
EndProject
Global
	GlobalSection(SolutionConfigurationPlatforms) = preSolution
		Debug|Any CPU = Debug|Any CPU
		Release|Any CPU = Release|Any CPU
	EndGlobalSection
	GlobalSection(ProjectConfigurationPlatforms) = postSolution
		{0A977004-D99D-4D8A-BA5C-5FB973D9EF46}.Debug|Any CPU.ActiveCfg = Debug|Any CPU
		{0A977004-D99D-4D8A-BA5C-5FB973D9EF46}.Debug|Any CPU.Build.0 = Debug|Any CPU
		{0A977004-D99D-4D8A-BA5C-5FB973D9EF46}.Release|Any CPU.ActiveCfg = Release|Any CPU
		{0A977004-D99D-4D8A-BA5C-5FB973D9EF46}.Release|Any CPU.Build.0 = Release|Any CPU
		{6B4DBB46-8149-4920-8BFC-4730282F7C17}.Debug|Any CPU.ActiveCfg = Debug|Any CPU
		{6B4DBB46-8149-4920-8BFC-4730282F7C17}.Debug|Any CPU.Build.0 = Debug|Any CPU
		{6B4DBB46-8149-4920-8BFC-4730282F7C17}.Release|Any CPU.ActiveCfg = Release|Any CPU
		{6B4DBB46-8149-4920-8BFC-4730282F7C17}.Release|Any CPU.Build.0 = Release|Any CPU
		{632EE4B9-C9F4-43A5-A5AA-DA5C49C5FE45}.Debug|Any CPU.ActiveCfg = Debug|Any CPU
		{632EE4B9-C9F4-43A5-A5AA-DA5C49C5FE45}.Debug|Any CPU.Build.0 = Debug|Any CPU
		{632EE4B9-C9F4-43A5-A5AA-DA5C49C5FE45}.Release|Any CPU.ActiveCfg = Release|Any CPU
		{632EE4B9-C9F4-43A5-A5AA-DA5C49C5FE45}.Release|Any CPU.Build.0 = Release|Any CPU
		{C8F2ADB3-98A0-4435-B4DD-1E4A33A6EC77}.Debug|Any CPU.ActiveCfg = Debug|Any CPU
		{C8F2ADB3-98A0-4435-B4DD-1E4A33A6EC77}.Debug|Any CPU.Build.0 = Debug|Any CPU
		{C8F2ADB3-98A0-4435-B4DD-1E4A33A6EC77}.Release|Any CPU.ActiveCfg = Release|Any CPU
		{C8F2ADB3-98A0-4435-B4DD-1E4A33A6EC77}.Release|Any CPU.Build.0 = Release|Any CPU
	EndGlobalSection
	GlobalSection(SolutionProperties) = preSolution
		HideSolutionNode = FALSE
	EndGlobalSection
	GlobalSection(ExtensibilityGlobals) = postSolution
		SolutionGuid = {4040672B-29A9-45BF-9E97-4A518BEF3EFA}
	EndGlobalSection
EndGlobal
